
Microsoft Visual Studio Solution File, Format Version 12.00
# Visual Studio 15
VisualStudioVersion = 15.0.28307.1082
MinimumVisualStudioVersion = 10.0.40219.1
Project("{FAE04EC0-301F-11D3-BF4B-00C04F79EFBC}") = "Kutuphane_Vize", "Kutuphane_Vize\Kutuphane_Vize.csproj", "{BA549654-ADFE-4684-8204-A62D43110158}"
EndProject
Global
	GlobalSection(SolutionConfigurationPlatforms) = preSolution
		Debug|Any CPU = Debug|Any CPU
		Release|Any CPU = Release|Any CPU
	EndGlobalSection
	GlobalSection(ProjectConfigurationPlatforms) = postSolution
		{BA549654-ADFE-4684-8204-A62D43110158}.Debug|Any CPU.ActiveCfg = Debug|Any CPU
		{BA549654-ADFE-4684-8204-A62D43110158}.Debug|Any CPU.Build.0 = Debug|Any CPU
		{BA549654-ADFE-4684-8204-A62D43110158}.Release|Any CPU.ActiveCfg = Release|Any CPU
		{BA549654-ADFE-4684-8204-A62D43110158}.Release|Any CPU.Build.0 = Release|Any CPU
	EndGlobalSection
	GlobalSection(SolutionProperties) = preSolution
		HideSolutionNode = FALSE
	EndGlobalSection
	GlobalSection(ExtensibilityGlobals) = postSolution
		SolutionGuid = {EE94E8DC-6567-4AFB-BA73-16EDAD0090FB}
	EndGlobalSection
EndGlobal
